{
	"name": "@snipsonian/redux-first-router",
	"version": "3.1.0",
	"lockfileVersion": 1,
	"requires": true,
	"dependencies": {
		"@babel/runtime": {
			"version": "7.4.5",
			"resolved": "https://registry.npmjs.org/@babel/runtime/-/runtime-7.4.5.tgz",
			"integrity": "sha512-TuI4qpWZP6lGOGIuGWtp9sPluqYICmbk8T/1vpSysqJxRPkudh/ofFWyqdcMsDf2s7KvDL4/YHgKyvcS3g9CJQ==",
			"dev": true,
			"requires": {
				"regenerator-runtime": "^0.13.2"
			}
		},
		"@snipsonian/browser": {
			"version": "3.0.3",
			"resolved": "https://registry.npmjs.org/@snipsonian/browser/-/browser-3.0.3.tgz",
			"integrity": "sha512-8BqbrJWUyLu89t9r2qjY3cJ1B5D4w22YvV39Qb4ffeNRvxtIW4/Oez5HZPhxtpkhSp5MZu10AaUDzCDkSBnHYw==",
			"requires": {
				"@snipsonian/core": "^3.0.3"
			}
		},
		"@snipsonian/core": {
			"version": "3.0.3",
			"resolved": "https://registry.npmjs.org/@snipsonian/core/-/core-3.0.3.tgz",
			"integrity": "sha512-kp2lGEx9DuMau3MnLyfNatcKVIcZ7h1plRJJp2Vh2GdvRnUiA09WhxmyUyp25vuEhEnK93PXT6NFAi0tg4fy6w=="
		},
		"@snipsonian/redux": {
			"version": "3.0.3",
			"resolved": "https://registry.npmjs.org/@snipsonian/redux/-/redux-3.0.3.tgz",
			"integrity": "sha512-Rfjbwju/L32rAVTm2BgIw1nDPSG8EUg8BEmDBCOiL8Z4LbOO5kGSEL8P564OgDsiLA0/0/IL4pn9chEKIGJQJg==",
			"requires": {
				"@snipsonian/browser": "^3.0.3",
				"@snipsonian/core": "^3.0.3"
			}
		},
		"@types/history": {
			"version": "4.7.2",
			"resolved": "https://registry.npmjs.org/@types/history/-/history-4.7.2.tgz",
			"integrity": "sha512-ui3WwXmjTaY73fOQ3/m3nnajU/Orhi6cEu5rzX+BrAAJxa3eITXZ5ch9suPqtM03OWhAHhPSyBGCN4UKoxO20Q==",
			"dev": true
		},
		"@types/query-string": {
			"version": "6.3.0",
			"resolved": "https://registry.npmjs.org/@types/query-string/-/query-string-6.3.0.tgz",
			"integrity": "sha512-yuIv/WRffRzL7cBW+sla4HwBZrEXRNf1MKQ5SklPEadth+BKbDxiVG8A3iISN5B3yC4EeSCzMZP8llHTcUhOzQ==",
			"dev": true,
			"requires": {
				"query-string": "*"
			}
		},
		"@types/redux-first-router": {
			"version": "2.1.3",
			"resolved": "https://registry.npmjs.org/@types/redux-first-router/-/redux-first-router-2.1.3.tgz",
			"integrity": "sha512-s037UFleHIWTTIfCrS7DJ7TDeD97/bWvksDGTOwqiHANwtry1+FxKr7CTrCry/YWG7bl1AzsKz2z2b5adJasng==",
			"dev": true,
			"requires": {
				"@types/history": "*",
				"redux": "^4.0.0"
			}
		},
		"decode-uri-component": {
			"version": "0.2.2",
			"resolved": "https://registry.npmjs.org/decode-uri-component/-/decode-uri-component-0.2.2.tgz",
			"integrity": "sha512-FqUYQ+8o158GyGTrMFJms9qh3CqTKvAqgqsTnkLI8sKu0028orqBhxNMFkFen0zGyg6epACD32pjVk58ngIErQ=="
		},
		"history": {
			"version": "4.9.0",
			"resolved": "https://registry.npmjs.org/history/-/history-4.9.0.tgz",
			"integrity": "sha512-H2DkjCjXf0Op9OAr6nJ56fcRkTSNrUiv41vNJ6IswJjif6wlpZK0BTfFbi7qK9dXLSYZxkq5lBsj3vUjlYBYZA==",
			"dev": true,
			"requires": {
				"@babel/runtime": "^7.1.2",
				"loose-envify": "^1.2.0",
				"resolve-pathname": "^2.2.0",
				"tiny-invariant": "^1.0.2",
				"tiny-warning": "^1.0.0",
				"value-equal": "^0.4.0"
			}
		},
		"invariant": {
			"version": "2.2.4",
			"resolved": "https://registry.npmjs.org/invariant/-/invariant-2.2.4.tgz",
			"integrity": "sha512-phJfQVBuaJM5raOpJjSfkiD6BpbCE4Ns//LaXl6wGYtUBY83nWS6Rf9tXm2e8VaK60JEjYldbPif/A2B1C2gNA==",
			"dev": true,
			"requires": {
				"loose-envify": "^1.0.0"
			}
		},
		"isarray": {
			"version": "0.0.1",
			"resolved": "https://registry.npmjs.org/isarray/-/isarray-0.0.1.tgz",
			"integrity": "sha1-ihis/Kmo9Bd+Cav8YDiTmwXR7t8=",
			"dev": true
		},
		"js-tokens": {
			"version": "4.0.0",
			"resolved": "https://registry.npmjs.org/js-tokens/-/js-tokens-4.0.0.tgz",
			"integrity": "sha512-RdJUflcE3cUzKiMqQgsCu06FPu9UdIJO0beYbPhHN4k6apgJtifcoCtT9bcxOpYBtpD2kCM6Sbzg4CausW/PKQ==",
			"dev": true
		},
		"loose-envify": {
			"version": "1.4.0",
			"resolved": "https://registry.npmjs.org/loose-envify/-/loose-envify-1.4.0.tgz",
			"integrity": "sha512-lyuxPGr/Wfhrlem2CL/UcnUc1zcqKAImBDzukY7Y5F/yQiNdko6+fRLevlw1HgMySw7f611UIY408EtxRSoK3Q==",
			"dev": true,
			"requires": {
				"js-tokens": "^3.0.0 || ^4.0.0"
			}
		},
		"path-to-regexp": {
			"version": "1.7.0",
			"resolved": "https://registry.npmjs.org/path-to-regexp/-/path-to-regexp-1.7.0.tgz",
			"integrity": "sha1-Wf3g9DW62suhA6hOnTvGTpa5k30=",
			"dev": true,
			"requires": {
				"isarray": "0.0.1"
			}
		},
		"query-string": {
			"version": "6.8.1",
			"resolved": "https://registry.npmjs.org/query-string/-/query-string-6.8.1.tgz",
			"integrity": "sha512-g6y0Lbq10a5pPQpjlFuojfMfV1Pd2Jw9h75ypiYPPia3Gcq2rgkKiIwbkS6JxH7c5f5u/B/sB+d13PU+g1eu4Q==",
			"requires": {
				"decode-uri-component": "^0.2.0",
				"split-on-first": "^1.0.0",
				"strict-uri-encode": "^2.0.0"
			}
		},
		"redux": {
			"version": "4.0.1",
			"resolved": "https://registry.npmjs.org/redux/-/redux-4.0.1.tgz",
			"integrity": "sha512-R7bAtSkk7nY6O/OYMVR9RiBI+XghjF9rlbl5806HJbQph0LJVHZrU5oaO4q70eUKiqMRqm4y07KLTlMZ2BlVmg==",
			"dev": true,
			"requires": {
				"loose-envify": "^1.4.0",
				"symbol-observable": "^1.2.0"
			}
		},
		"redux-first-router": {
			"version": "2.1.2",
			"resolved": "https://registry.npmjs.org/redux-first-router/-/redux-first-router-2.1.2.tgz",
			"integrity": "sha512-X0v4qtWloSI6GTEuaLImlBWCcLlKPC+p9SJ9VQosgATnY1tbu+Y3BTCUi891x/svnfe8VOtD59C3SVlHlBTx2g==",
			"dev": true,
			"requires": {
				"rudy-history": "^1.0.0",
				"rudy-match-path": "^0.3.0"
			}
		},
		"regenerator-runtime": {
			"version": "0.13.2",
			"resolved": "https://registry.npmjs.org/regenerator-runtime/-/regenerator-runtime-0.13.2.tgz",
			"integrity": "sha512-S/TQAZJO+D3m9xeN1WTI8dLKBBiRgXBlTJvbWjCThHWZj9EvHK70Ff50/tYj2J/fvBY6JtFVwRuazHN2E7M9BA==",
			"dev": true
		},
		"resolve-pathname": {
			"version": "2.2.0",
			"resolved": "https://registry.npmjs.org/resolve-pathname/-/resolve-pathname-2.2.0.tgz",
			"integrity": "sha512-bAFz9ld18RzJfddgrO2e/0S2O81710++chRMUxHjXOYKF6jTAMrUNZrEZ1PvV0zlhfjidm08iRPdTLPno1FuRg==",
			"dev": true
		},
		"rudy-history": {
			"version": "1.0.0",
			"resolved": "https://registry.npmjs.org/rudy-history/-/rudy-history-1.0.0.tgz",
			"integrity": "sha512-UTW+bwDNXurwxBaLl7hixG8OW3nwhbtUFipGJ6hmyHFASihWiZQbcg0noqe3gqmmk+zVRBblls9sguAvTx+ciQ==",
			"dev": true,
			"requires": {
				"invariant": "^2.2.1",
				"loose-envify": "^1.2.0",
				"resolve-pathname": "^2.2.0",
				"value-equal": "^0.4.0",
				"warning": "^3.0.0"
			}
		},
		"rudy-match-path": {
			"version": "0.3.0",
			"resolved": "https://registry.npmjs.org/rudy-match-path/-/rudy-match-path-0.3.0.tgz",
			"integrity": "sha512-xxdsPJZr7JtOibXCBYFmAgiEOvw1QK1rLSQ5sHiBvyzyD08rwjIZwg00Lt4G80g/4mhu639CSxRxQA4H+d1OHw==",
			"dev": true,
			"requires": {
				"path-to-regexp": "^1.7.0"
			}
		},
		"split-on-first": {
			"version": "1.1.0",
			"resolved": "https://registry.npmjs.org/split-on-first/-/split-on-first-1.1.0.tgz",
			"integrity": "sha512-43ZssAJaMusuKWL8sKUBQXHWOpq8d6CfN/u1p4gUzfJkM05C8rxTmYrkIPTXapZpORA6LkkzcUulJ8FqA7Uudw=="
		},
		"strict-uri-encode": {
			"version": "2.0.0",
			"resolved": "https://registry.npmjs.org/strict-uri-encode/-/strict-uri-encode-2.0.0.tgz",
			"integrity": "sha1-ucczDHBChi9rFC3CdLvMWGbONUY="
		},
		"symbol-observable": {
			"version": "1.2.0",
			"resolved": "https://registry.npmjs.org/symbol-observable/-/symbol-observable-1.2.0.tgz",
			"integrity": "sha512-e900nM8RRtGhlV36KGEU9k65K3mPb1WV70OdjfxlG2EAuM1noi/E/BaW/uMhL7bPEssK8QV57vN3esixjUvcXQ==",
			"dev": true
		},
		"tiny-invariant": {
			"version": "1.0.4",
			"resolved": "https://registry.npmjs.org/tiny-invariant/-/tiny-invariant-1.0.4.tgz",
			"integrity": "sha512-lMhRd/djQJ3MoaHEBrw8e2/uM4rs9YMNk0iOr8rHQ0QdbM7D4l0gFl3szKdeixrlyfm9Zqi4dxHCM2qVG8ND5g==",
			"dev": true
		},
		"tiny-warning": {
			"version": "1.0.2",
			"resolved": "https://registry.npmjs.org/tiny-warning/-/tiny-warning-1.0.2.tgz",
			"integrity": "sha512-rru86D9CpQRLvsFG5XFdy0KdLAvjdQDyZCsRcuu60WtzFylDM3eAWSxEVz5kzL2Gp544XiUvPbVKtOA/txLi9Q==",
			"dev": true
		},
		"value-equal": {
			"version": "0.4.0",
			"resolved": "https://registry.npmjs.org/value-equal/-/value-equal-0.4.0.tgz",
			"integrity": "sha512-x+cYdNnaA3CxvMaTX0INdTCN8m8aF2uY9BvEqmxuYp8bL09cs/kWVQPVGcA35fMktdOsP69IgU7wFj/61dJHEw==",
			"dev": true
		},
		"warning": {
			"version": "3.0.0",
			"resolved": "https://registry.npmjs.org/warning/-/warning-3.0.0.tgz",
			"integrity": "sha1-MuU3fLVy3kqwR1O9+IIcAe1gW3w=",
			"dev": true,
			"requires": {
				"loose-envify": "^1.0.0"
			}
		}
	}
}
