{
  "name": "@snipsonian/observable-state",
  "version": "3.1.0",
  "lockfileVersion": 2,
  "requires": true,
  "packages": {
    "": {
      "name": "@snipsonian/observable-state",
      "version": "3.1.0",
      "license": "ISC",
      "dependencies": {
        "@snipsonian/axios": "^3.1.0",
        "@snipsonian/browser": "^3.1.0",
        "@snipsonian/core": "^3.1.0"
      },
      "devDependencies": {
        "immer": "^9.0.6"
      }
    },
    "node_modules/@snipsonian/axios": {
      "version": "3.1.0",
      "resolved": "https://registry.npmjs.org/@snipsonian/axios/-/axios-3.1.0.tgz",
      "integrity": "sha512-rSrmJXIaFqDn0Ykkzw6xMl6yx27P7SWixaR4enaujIzDv1l5XRp4n59QcL1HHQ7jDf4osr3jIvwxhduQ3bl2kg==",
      "dependencies": {
        "@snipsonian/core": "^3.1.0"
      },
      "peerDependencies": {
        "axios": "^0.21.x"
      }
    },
    "node_modules/@snipsonian/browser": {
      "version": "3.1.0",
      "resolved": "https://registry.npmjs.org/@snipsonian/browser/-/browser-3.1.0.tgz",
      "integrity": "sha512-hTQjFfI7A8Cp+kXfNpIM4TrOHvRQdvFz96sYFzox1DDlbdXKijWr2n+mgmND3Sc8QNbn+X1aaymooEcc1+qLXw==",
      "dependencies": {
        "@snipsonian/core": "^3.1.0"
      }
    },
    "node_modules/@snipsonian/core": {
      "version": "3.1.0",
      "resolved": "https://registry.npmjs.org/@snipsonian/core/-/core-3.1.0.tgz",
      "integrity": "sha512-kR6BxvW2ltAqqPVQ22kGkJE+DbPN4I4Jqf5pdFHL2QNhh4dd2BWJedHVsczBhNIobKOy4ucym2beQFJDS6ed2g=="
    },
    "node_modules/axios": {
      "version": "0.21.4",
      "resolved": "https://registry.npmjs.org/axios/-/axios-0.21.4.tgz",
      "integrity": "sha512-ut5vewkiu8jjGBdqpM44XxjuCjq9LAKeHVmoVfHVzy8eHgxxq8SbAVQNovDA8mVi05kP0Ea/n/UzcSHcTJQfNg==",
      "peer": true,
      "dependencies": {
        "follow-redirects": "^1.14.0"
      }
    },
    "node_modules/follow-redirects": {
      "version": "1.15.2",
      "resolved": "https://registry.npmjs.org/follow-redirects/-/follow-redirects-1.15.2.tgz",
      "integrity": "sha512-VQLG33o04KaQ8uYi2tVNbdrWp1QWxNNea+nmIB4EVM28v0hmP17z7aG1+wAkNzVq4KeXTq3221ye5qTJP91JwA==",
      "funding": [
        {
          "type": "individual",
          "url": "https://github.com/sponsors/RubenVerborgh"
        }
      ],
      "peer": true,
      "engines": {
        "node": ">=4.0"
      },
      "peerDependenciesMeta": {
        "debug": {
          "optional": true
        }
      }
    },
    "node_modules/immer": {
      "version": "9.0.6",
      "resolved": "https://registry.npmjs.org/immer/-/immer-9.0.6.tgz",
      "integrity": "sha512-G95ivKpy+EvVAnAab4fVa4YGYn24J1SpEktnJX7JJ45Bd7xqME/SCplFzYFmTbrkwZbQ4xJK1xMTUYBkN6pWsQ==",
      "dev": true,
      "funding": {
        "type": "opencollective",
        "url": "https://opencollective.com/immer"
      }
    }
  },
  "dependencies": {
    "@snipsonian/axios": {
      "version": "3.1.0",
      "resolved": "https://registry.npmjs.org/@snipsonian/axios/-/axios-3.1.0.tgz",
      "integrity": "sha512-rSrmJXIaFqDn0Ykkzw6xMl6yx27P7SWixaR4enaujIzDv1l5XRp4n59QcL1HHQ7jDf4osr3jIvwxhduQ3bl2kg==",
      "requires": {
        "@snipsonian/core": "^3.1.0"
      }
    },
    "@snipsonian/browser": {
      "version": "3.1.0",
      "resolved": "https://registry.npmjs.org/@snipsonian/browser/-/browser-3.1.0.tgz",
      "integrity": "sha512-hTQjFfI7A8Cp+kXfNpIM4TrOHvRQdvFz96sYFzox1DDlbdXKijWr2n+mgmND3Sc8QNbn+X1aaymooEcc1+qLXw==",
      "requires": {
        "@snipsonian/core": "^3.1.0"
      }
    },
    "@snipsonian/core": {
      "version": "3.1.0",
      "resolved": "https://registry.npmjs.org/@snipsonian/core/-/core-3.1.0.tgz",
      "integrity": "sha512-kR6BxvW2ltAqqPVQ22kGkJE+DbPN4I4Jqf5pdFHL2QNhh4dd2BWJedHVsczBhNIobKOy4ucym2beQFJDS6ed2g=="
    },
    "axios": {
      "version": "0.21.4",
      "resolved": "https://registry.npmjs.org/axios/-/axios-0.21.4.tgz",
      "integrity": "sha512-ut5vewkiu8jjGBdqpM44XxjuCjq9LAKeHVmoVfHVzy8eHgxxq8SbAVQNovDA8mVi05kP0Ea/n/UzcSHcTJQfNg==",
      "peer": true,
      "requires": {
        "follow-redirects": "^1.14.0"
      }
    },
    "follow-redirects": {
      "version": "1.15.2",
      "resolved": "https://registry.npmjs.org/follow-redirects/-/follow-redirects-1.15.2.tgz",
      "integrity": "sha512-VQLG33o04KaQ8uYi2tVNbdrWp1QWxNNea+nmIB4EVM28v0hmP17z7aG1+wAkNzVq4KeXTq3221ye5qTJP91JwA==",
      "peer": true
    },
    "immer": {
      "version": "9.0.6",
      "resolved": "https://registry.npmjs.org/immer/-/immer-9.0.6.tgz",
      "integrity": "sha512-G95ivKpy+EvVAnAab4fVa4YGYn24J1SpEktnJX7JJ45Bd7xqME/SCplFzYFmTbrkwZbQ4xJK1xMTUYBkN6pWsQ==",
      "dev": true
    }
  }
}
