{
	"name": "@snipsonian/observable-state",
	"version": "3.0.2",
	"lockfileVersion": 1,
	"requires": true,
	"dependencies": {
		"@types/lodash": {
			"version": "4.14.185",
			"resolved": "https://registry.npmjs.org/@types/lodash/-/lodash-4.14.185.tgz",
			"integrity": "sha512-evMDG1bC4rgQg4ku9tKpuMh5iBNEwNa3tf9zRHdP1qlv+1WUg44xat4IxCE14gIpZRGUUWAx2VhItCZc25NfMA==",
			"dev": true
		},
		"immer": {
			"version": "7.0.15",
			"resolved": "https://registry.npmjs.org/immer/-/immer-7.0.15.tgz",
			"integrity": "sha512-yM7jo9+hvYgvdCQdqvhCNRRio0SCXc8xDPzA25SvKWa7b1WVPjLwQs1VYU5JPXjcJPTqAa5NP5dqpORGYBQ2AA==",
			"dev": true
		},
		"lodash": {
			"version": "4.17.21",
			"resolved": "https://registry.npmjs.org/lodash/-/lodash-4.17.21.tgz",
			"integrity": "sha512-v2kDEe57lecTulaDIuNTPy3Ry4gLGJ6Z1O3vE1krgXZNrsQ+LFTGHVxVjcXPs17LhbZVGedAJv8XZ1tvj5FvSg==",
			"dev": true
		}
	}
}
