{
  "name": "@snipsonian/observable-state",
  "version": "1.9.1",
  "lockfileVersion": 1,
  "requires": true,
  "dependencies": {
    "@snipsonian/browser": {
      "version": "1.9.1",
      "resolved": "https://registry.npmjs.org/@snipsonian/browser/-/browser-1.9.1.tgz",
      "integrity": "sha512-jd7C+jYIWDAzprfvaUVTArtVTJ2XCOKEC0QhMNUWk1t2jiCoqMr/DL3EuERv4WNmesNOzeiQ7zhQoUmM+vXYmQ==",
      "requires": {
        "@snipsonian/core": "^1.9.1"
      }
    },
    "@snipsonian/core": {
      "version": "1.9.1",
      "resolved": "https://registry.npmjs.org/@snipsonian/core/-/core-1.9.1.tgz",
      "integrity": "sha512-Qe3zsaACoCq/N5mZ1JFX/kJNuzXSJJLdnTCx3lWwb8bKIt+8EzvuoYW5OCJ9xw5yYNrLRRG3oTd+oe43jBHP+g=="
    }
  }
}
