{
	"name": "@snipsonian/axios",
	"version": "1.13.4",
	"lockfileVersion": 1,
	"requires": true,
	"dependencies": {
		"axios": {
			"version": "0.21.4",
			"resolved": "https://registry.npmjs.org/axios/-/axios-0.21.4.tgz",
			"integrity": "sha512-ut5vewkiu8jjGBdqpM44XxjuCjq9LAKeHVmoVfHVzy8eHgxxq8SbAVQNovDA8mVi05kP0Ea/n/UzcSHcTJQfNg==",
			"dev": true,
			"requires": {
				"follow-redirects": "^1.14.0"
			}
		},
		"axios-mock-adapter": {
			"version": "1.16.0",
			"resolved": "https://registry.npmjs.org/axios-mock-adapter/-/axios-mock-adapter-1.16.0.tgz",
			"integrity": "sha512-m2D8ngMTQ5p4zZNBsPKoENgwz5rDfd0pZmXI/spdE2eeeKIcR3jquk+NRiBVFtb9UJlciBYplNzSUmgQ6X385Q==",
			"dev": true,
			"requires": {
				"deep-equal": "^1.0.1"
			}
		},
		"deep-equal": {
			"version": "1.0.1",
			"resolved": "https://registry.npmjs.org/deep-equal/-/deep-equal-1.0.1.tgz",
			"integrity": "sha1-9dJgKStmDghO/0zbyfCK0yR0SLU=",
			"dev": true
		},
		"follow-redirects": {
			"version": "1.14.3",
			"resolved": "https://registry.npmjs.org/follow-redirects/-/follow-redirects-1.14.3.tgz",
			"integrity": "sha512-3MkHxknWMUtb23apkgz/83fDoe+y+qr0TdgacGIA7bew+QLBo3vdgEN2xEsuXNivpFy4CyDhBBZnNZOtalmenw==",
			"dev": true
		}
	}
}
